
Microsoft Visual Studio Solution File, Format Version 12.00
# Visual Studio 15
VisualStudioVersion = 15.0.28010.0
MinimumVisualStudioVersion = 10.0.40219.1
Project("{FAE04EC0-301F-11D3-BF4B-00C04F79EFBC}") = "x86Emulator", "x86Emulator\x86Emulator.csproj", "{B2DAB764-D80F-40E3-A914-D0BA833DC8E5}"
EndProject
Global
	GlobalSection(SolutionConfigurationPlatforms) = preSolution
		Debug|Any CPU = Debug|Any CPU
		Release|Any CPU = Release|Any CPU
	EndGlobalSection
	GlobalSection(ProjectConfigurationPlatforms) = postSolution
		{B2DAB764-D80F-40E3-A914-D0BA833DC8E5}.Debug|Any CPU.ActiveCfg = Debug|Any CPU
		{B2DAB764-D80F-40E3-A914-D0BA833DC8E5}.Debug|Any CPU.Build.0 = Debug|Any CPU
		{B2DAB764-D80F-40E3-A914-D0BA833DC8E5}.Release|Any CPU.ActiveCfg = Release|Any CPU
		{B2DAB764-D80F-40E3-A914-D0BA833DC8E5}.Release|Any CPU.Build.0 = Release|Any CPU
	EndGlobalSection
	GlobalSection(SolutionProperties) = preSolution
		HideSolutionNode = FALSE
	EndGlobalSection
	GlobalSection(ExtensibilityGlobals) = postSolution
		SolutionGuid = {630EBBBF-7DB7-4793-BCE6-2DC6CB787F6A}
	EndGlobalSection
EndGlobal
